
Microsoft Visual Studio Solution File, Format Version 12.00
# Visual Studio Version 17
VisualStudioVersion = 17.2.32505.173
MinimumVisualStudioVersion = 10.0.40219.1
Project("{FAE04EC0-301F-11D3-BF4B-00C04F79EFBC}") = "ab", "ab\ab.csproj", "{BD3B5125-3C8F-4326-A6CB-98133940A7F8}"
EndProject
Project("{FAE04EC0-301F-11D3-BF4B-00C04F79EFBC}") = "xml", "xml\xml.csproj", "{3097DA48-6FA8-4588-8C29-6C33DC52E86D}"
EndProject
Project("{FAE04EC0-301F-11D3-BF4B-00C04F79EFBC}") = "parhuzamositas", "parhuzamositas\parhuzamositas.csproj", "{D47F074B-8687-4CB6-A4C4-3F9C98EA4E16}"
EndProject
Project("{FAE04EC0-301F-11D3-BF4B-00C04F79EFBC}") = "onallo1", "onallo1\onallo1.csproj", "{ECE4A0DA-9ACD-4F3E-8F4C-1B2F7FA10511}"
EndProject
Project("{FAE04EC0-301F-11D3-BF4B-00C04F79EFBC}") = "onallo2", "onallo2\onallo2.csproj", "{9EB6C6EB-730F-4337-9740-48B65C70D27F}"
EndProject
Global
	GlobalSection(SolutionConfigurationPlatforms) = preSolution
		Debug|Any CPU = Debug|Any CPU
		Release|Any CPU = Release|Any CPU
	EndGlobalSection
	GlobalSection(ProjectConfigurationPlatforms) = postSolution
		{BD3B5125-3C8F-4326-A6CB-98133940A7F8}.Debug|Any CPU.ActiveCfg = Debug|Any CPU
		{BD3B5125-3C8F-4326-A6CB-98133940A7F8}.Debug|Any CPU.Build.0 = Debug|Any CPU
		{BD3B5125-3C8F-4326-A6CB-98133940A7F8}.Release|Any CPU.ActiveCfg = Release|Any CPU
		{BD3B5125-3C8F-4326-A6CB-98133940A7F8}.Release|Any CPU.Build.0 = Release|Any CPU
		{3097DA48-6FA8-4588-8C29-6C33DC52E86D}.Debug|Any CPU.ActiveCfg = Debug|Any CPU
		{3097DA48-6FA8-4588-8C29-6C33DC52E86D}.Debug|Any CPU.Build.0 = Debug|Any CPU
		{3097DA48-6FA8-4588-8C29-6C33DC52E86D}.Release|Any CPU.ActiveCfg = Release|Any CPU
		{3097DA48-6FA8-4588-8C29-6C33DC52E86D}.Release|Any CPU.Build.0 = Release|Any CPU
		{D47F074B-8687-4CB6-A4C4-3F9C98EA4E16}.Debug|Any CPU.ActiveCfg = Debug|Any CPU
		{D47F074B-8687-4CB6-A4C4-3F9C98EA4E16}.Debug|Any CPU.Build.0 = Debug|Any CPU
		{D47F074B-8687-4CB6-A4C4-3F9C98EA4E16}.Release|Any CPU.ActiveCfg = Release|Any CPU
		{D47F074B-8687-4CB6-A4C4-3F9C98EA4E16}.Release|Any CPU.Build.0 = Release|Any CPU
		{ECE4A0DA-9ACD-4F3E-8F4C-1B2F7FA10511}.Debug|Any CPU.ActiveCfg = Debug|Any CPU
		{ECE4A0DA-9ACD-4F3E-8F4C-1B2F7FA10511}.Debug|Any CPU.Build.0 = Debug|Any CPU
		{ECE4A0DA-9ACD-4F3E-8F4C-1B2F7FA10511}.Release|Any CPU.ActiveCfg = Release|Any CPU
		{ECE4A0DA-9ACD-4F3E-8F4C-1B2F7FA10511}.Release|Any CPU.Build.0 = Release|Any CPU
		{9EB6C6EB-730F-4337-9740-48B65C70D27F}.Debug|Any CPU.ActiveCfg = Debug|Any CPU
		{9EB6C6EB-730F-4337-9740-48B65C70D27F}.Debug|Any CPU.Build.0 = Debug|Any CPU
		{9EB6C6EB-730F-4337-9740-48B65C70D27F}.Release|Any CPU.ActiveCfg = Release|Any CPU
		{9EB6C6EB-730F-4337-9740-48B65C70D27F}.Release|Any CPU.Build.0 = Release|Any CPU
	EndGlobalSection
	GlobalSection(SolutionProperties) = preSolution
		HideSolutionNode = FALSE
	EndGlobalSection
	GlobalSection(ExtensibilityGlobals) = postSolution
		SolutionGuid = {DB24C6B7-93D5-45F2-A8DB-76457C2DEDB6}
	EndGlobalSection
EndGlobal
